
Microsoft Visual Studio Solution File, Format Version 12.00
# Visual Studio 15
VisualStudioVersion = 15.0.26403.0
MinimumVisualStudioVersion = 10.0.40219.1
Project("{2150E333-8FDC-42A3-9474-1A3956D46DE8}") = "src", "src", "{F73D47ED-AFB1-46D5-B8A8-1EE3A899B92A}"
EndProject
Project("{FAE04EC0-301F-11D3-BF4B-00C04F79EFBC}") = "ChemicalLab", "src\ChemicalLab\ChemicalLab.csproj", "{B5110176-EE62-4DC8-881D-25B568C03DB2}"
EndProject
Global
	GlobalSection(SolutionConfigurationPlatforms) = preSolution
		Debug|Any CPU = Debug|Any CPU
		Debug|x64 = Debug|x64
		Debug|x86 = Debug|x86
		Release|Any CPU = Release|Any CPU
		Release|x64 = Release|x64
		Release|x86 = Release|x86
	EndGlobalSection
	GlobalSection(ProjectConfigurationPlatforms) = postSolution
		{B5110176-EE62-4DC8-881D-25B568C03DB2}.Debug|Any CPU.ActiveCfg = Debug|Any CPU
		{B5110176-EE62-4DC8-881D-25B568C03DB2}.Debug|Any CPU.Build.0 = Debug|Any CPU
		{B5110176-EE62-4DC8-881D-25B568C03DB2}.Debug|x64.ActiveCfg = Debug|Any CPU
		{B5110176-EE62-4DC8-881D-25B568C03DB2}.Debug|x64.Build.0 = Debug|Any CPU
		{B5110176-EE62-4DC8-881D-25B568C03DB2}.Debug|x86.ActiveCfg = Debug|Any CPU
		{B5110176-EE62-4DC8-881D-25B568C03DB2}.Debug|x86.Build.0 = Debug|Any CPU
		{B5110176-EE62-4DC8-881D-25B568C03DB2}.Release|Any CPU.ActiveCfg = Release|Any CPU
		{B5110176-EE62-4DC8-881D-25B568C03DB2}.Release|Any CPU.Build.0 = Release|Any CPU
		{B5110176-EE62-4DC8-881D-25B568C03DB2}.Release|x64.ActiveCfg = Release|Any CPU
		{B5110176-EE62-4DC8-881D-25B568C03DB2}.Release|x64.Build.0 = Release|Any CPU
		{B5110176-EE62-4DC8-881D-25B568C03DB2}.Release|x86.ActiveCfg = Release|Any CPU
		{B5110176-EE62-4DC8-881D-25B568C03DB2}.Release|x86.Build.0 = Release|Any CPU
	EndGlobalSection
	GlobalSection(SolutionProperties) = preSolution
		HideSolutionNode = FALSE
	EndGlobalSection
	GlobalSection(NestedProjects) = preSolution
		{B5110176-EE62-4DC8-881D-25B568C03DB2} = {F73D47ED-AFB1-46D5-B8A8-1EE3A899B92A}
	EndGlobalSection
EndGlobal
